// !$*UTF8*$!
{
	archiveVersion = 1;
	classes = {
	};
	objectVersion = 55;
	objects = {

/* Begin PBXBuildFile section */
		8850B3942908245600A7DF5D /* TopMoversView.swift in Sources */ = {isa = PBXBuildFile; fileRef = 8850B3932908245600A7DF5D /* TopMoversView.swift */; };
		8850B3962908247100A7DF5D /* TopMoverItemView.swift in Sources */ = {isa = PBXBuildFile; fileRef = 8850B3952908247100A7DF5D /* TopMoverItemView.swift */; };
		8850B398290830A600A7DF5D /* AllcoinsViews.swift in Sources */ = {isa = PBXBuildFile; fileRef = 8850B397290830A600A7DF5D /* AllcoinsViews.swift */; };
		8850B39A290830C000A7DF5D /* CoinRowView.swift in Sources */ = {isa = PBXBuildFile; fileRef = 8850B399290830C000A7DF5D /* CoinRowView.swift */; };
		885844DE2907FBBB00993392 /* CoinCryptoMonitoringApp.swift in Sources */ = {isa = PBXBuildFile; fileRef = 885844DD2907FBBB00993392 /* CoinCryptoMonitoringApp.swift */; };
		885844E02907FBBB00993392 /* ContentView.swift in Sources */ = {isa = PBXBuildFile; fileRef = 885844DF2907FBBB00993392 /* ContentView.swift */; };
		885844E22907FBBC00993392 /* Assets.xcassets in Resources */ = {isa = PBXBuildFile; fileRef = 885844E12907FBBC00993392 /* Assets.xcassets */; };
		885844E52907FBBC00993392 /* Preview Assets.xcassets in Resources */ = {isa = PBXBuildFile; fileRef = 885844E42907FBBC00993392 /* Preview Assets.xcassets */; };
		885844EF2907FBBC00993392 /* CoinCryptoMonitoringTests.swift in Sources */ = {isa = PBXBuildFile; fileRef = 885844EE2907FBBC00993392 /* CoinCryptoMonitoringTests.swift */; };
		885844F92907FBBC00993392 /* CoinCryptoMonitoringUITests.swift in Sources */ = {isa = PBXBuildFile; fileRef = 885844F82907FBBC00993392 /* CoinCryptoMonitoringUITests.swift */; };
		885844FB2907FBBC00993392 /* CoinCryptoMonitoringUITestsLaunchTests.swift in Sources */ = {isa = PBXBuildFile; fileRef = 885844FA2907FBBC00993392 /* CoinCryptoMonitoringUITestsLaunchTests.swift */; };
		885845162908224E00993392 /* HomeView.swift in Sources */ = {isa = PBXBuildFile; fileRef = 885845152908224E00993392 /* HomeView.swift */; };
/* End PBXBuildFile section */

/* Begin PBXContainerItemProxy section */
		885844EB2907FBBC00993392 /* PBXContainerItemProxy */ = {
			isa = PBXContainerItemProxy;
			containerPortal = 885844D22907FBBB00993392 /* Project object */;
			proxyType = 1;
			remoteGlobalIDString = 885844D92907FBBB00993392;
			remoteInfo = CoinCryptoMonitoring;
		};
		885844F52907FBBC00993392 /* PBXContainerItemProxy */ = {
			isa = PBXContainerItemProxy;
			containerPortal = 885844D22907FBBB00993392 /* Project object */;
			proxyType = 1;
			remoteGlobalIDString = 885844D92907FBBB00993392;
			remoteInfo = CoinCryptoMonitoring;
		};
/* End PBXContainerItemProxy section */

/* Begin PBXFileReference section */
		8850B3932908245600A7DF5D /* TopMoversView.swift */ = {isa = PBXFileReference; lastKnownFileType = sourcecode.swift; path = TopMoversView.swift; sourceTree = "<group>"; };
		8850B3952908247100A7DF5D /* TopMoverItemView.swift */ = {isa = PBXFileReference; lastKnownFileType = sourcecode.swift; path = TopMoverItemView.swift; sourceTree = "<group>"; };
		8850B397290830A600A7DF5D /* AllcoinsViews.swift */ = {isa = PBXFileReference; lastKnownFileType = sourcecode.swift; path = AllcoinsViews.swift; sourceTree = "<group>"; };
		8850B399290830C000A7DF5D /* CoinRowView.swift */ = {isa = PBXFileReference; lastKnownFileType = sourcecode.swift; path = CoinRowView.swift; sourceTree = "<group>"; };
		885844DA2907FBBB00993392 /* CoinCryptoMonitoring.app */ = {isa = PBXFileReference; explicitFileType = wrapper.application; includeInIndex = 0; path = CoinCryptoMonitoring.app; sourceTree = BUILT_PRODUCTS_DIR; };
		885844DD2907FBBB00993392 /* CoinCryptoMonitoringApp.swift */ = {isa = PBXFileReference; lastKnownFileType = sourcecode.swift; path = CoinCryptoMonitoringApp.swift; sourceTree = "<group>"; };
		885844DF2907FBBB00993392 /* ContentView.swift */ = {isa = PBXFileReference; lastKnownFileType = sourcecode.swift; path = ContentView.swift; sourceTree = "<group>"; };
		885844E12907FBBC00993392 /* Assets.xcassets */ = {isa = PBXFileReference; lastKnownFileType = folder.assetcatalog; path = Assets.xcassets; sourceTree = "<group>"; };
		885844E42907FBBC00993392 /* Preview Assets.xcassets */ = {isa = PBXFileReference; lastKnownFileType = folder.assetcatalog; path = "Preview Assets.xcassets"; sourceTree = "<group>"; };
		885844EA2907FBBC00993392 /* CoinCryptoMonitoringTests.xctest */ = {isa = PBXFileReference; explicitFileType = wrapper.cfbundle; includeInIndex = 0; path = CoinCryptoMonitoringTests.xctest; sourceTree = BUILT_PRODUCTS_DIR; };
		885844EE2907FBBC00993392 /* CoinCryptoMonitoringTests.swift */ = {isa = PBXFileReference; lastKnownFileType = sourcecode.swift; path = CoinCryptoMonitoringTests.swift; sourceTree = "<group>"; };
		885844F42907FBBC00993392 /* CoinCryptoMonitoringUITests.xctest */ = {isa = PBXFileReference; explicitFileType = wrapper.cfbundle; includeInIndex = 0; path = CoinCryptoMonitoringUITests.xctest; sourceTree = BUILT_PRODUCTS_DIR; };
		885844F82907FBBC00993392 /* CoinCryptoMonitoringUITests.swift */ = {isa = PBXFileReference; lastKnownFileType = sourcecode.swift; path = CoinCryptoMonitoringUITests.swift; sourceTree = "<group>"; };
		885844FA2907FBBC00993392 /* CoinCryptoMonitoringUITestsLaunchTests.swift */ = {isa = PBXFileReference; lastKnownFileType = sourcecode.swift; path = CoinCryptoMonitoringUITestsLaunchTests.swift; sourceTree = "<group>"; };
		885845152908224E00993392 /* HomeView.swift */ = {isa = PBXFileReference; lastKnownFileType = sourcecode.swift; path = HomeView.swift; sourceTree = "<group>"; };
/* End PBXFileReference section */

/* Begin PBXFrameworksBuildPhase section */
		885844D72907FBBB00993392 /* Frameworks */ = {
			isa = PBXFrameworksBuildPhase;
			buildActionMask = 2147483647;
			files = (
			);
			runOnlyForDeploymentPostprocessing = 0;
		};
		885844E72907FBBC00993392 /* Frameworks */ = {
			isa = PBXFrameworksBuildPhase;
			buildActionMask = 2147483647;
			files = (
			);
			runOnlyForDeploymentPostprocessing = 0;
		};
		885844F12907FBBC00993392 /* Frameworks */ = {
			isa = PBXFrameworksBuildPhase;
			buildActionMask = 2147483647;
			files = (
			);
			runOnlyForDeploymentPostprocessing = 0;
		};
/* End PBXFrameworksBuildPhase section */

/* Begin PBXGroup section */
		885844D12907FBBB00993392 = {
			isa = PBXGroup;
			children = (
				885844DC2907FBBB00993392 /* CoinCryptoMonitoring */,
				885844ED2907FBBC00993392 /* CoinCryptoMonitoringTests */,
				885844F72907FBBC00993392 /* CoinCryptoMonitoringUITests */,
				885844DB2907FBBB00993392 /* Products */,
			);
			sourceTree = "<group>";
		};
		885844DB2907FBBB00993392 /* Products */ = {
			isa = PBXGroup;
			children = (
				885844DA2907FBBB00993392 /* CoinCryptoMonitoring.app */,
				885844EA2907FBBC00993392 /* CoinCryptoMonitoringTests.xctest */,
				885844F42907FBBC00993392 /* CoinCryptoMonitoringUITests.xctest */,
			);
			name = Products;
			sourceTree = "<group>";
		};
		885844DC2907FBBB00993392 /* CoinCryptoMonitoring */ = {
			isa = PBXGroup;
			children = (
				8858450C2908204C00993392 /* App */,
				8858450B2908204000993392 /* Core */,
				8858450929081FFF00993392 /* Models */,
				8858450829081FF300993392 /* Extentions */,
				8858450729081FDA00993392 /* Utils */,
				885844DD2907FBBB00993392 /* CoinCryptoMonitoringApp.swift */,
				885844DF2907FBBB00993392 /* ContentView.swift */,
				885844E12907FBBC00993392 /* Assets.xcassets */,
				885844E32907FBBC00993392 /* Preview Content */,
			);
			path = CoinCryptoMonitoring;
			sourceTree = "<group>";
		};
		885844E32907FBBC00993392 /* Preview Content */ = {
			isa = PBXGroup;
			children = (
				885844E42907FBBC00993392 /* Preview Assets.xcassets */,
			);
			path = "Preview Content";
			sourceTree = "<group>";
		};
		885844ED2907FBBC00993392 /* CoinCryptoMonitoringTests */ = {
			isa = PBXGroup;
			children = (
				885844EE2907FBBC00993392 /* CoinCryptoMonitoringTests.swift */,
			);
			path = CoinCryptoMonitoringTests;
			sourceTree = "<group>";
		};
		885844F72907FBBC00993392 /* CoinCryptoMonitoringUITests */ = {
			isa = PBXGroup;
			children = (
				885844F82907FBBC00993392 /* CoinCryptoMonitoringUITests.swift */,
				885844FA2907FBBC00993392 /* CoinCryptoMonitoringUITestsLaunchTests.swift */,
			);
			path = CoinCryptoMonitoringUITests;
			sourceTree = "<group>";
		};
		8858450729081FDA00993392 /* Utils */ = {
			isa = PBXGroup;
			children = (
			);
			path = Utils;
			sourceTree = "<group>";
		};
		8858450829081FF300993392 /* Extentions */ = {
			isa = PBXGroup;
			children = (
			);
			path = Extentions;
			sourceTree = "<group>";
		};
		8858450929081FFF00993392 /* Models */ = {
			isa = PBXGroup;
			children = (
			);
			path = Models;
			sourceTree = "<group>";
		};
		8858450B2908204000993392 /* Core */ = {
			isa = PBXGroup;
			children = (
				8858450D2908206300993392 /* Home */,
			);
			path = Core;
			sourceTree = "<group>";
		};
		8858450C2908204C00993392 /* App */ = {
			isa = PBXGroup;
			children = (
			);
			path = App;
			sourceTree = "<group>";
		};
		8858450D2908206300993392 /* Home */ = {
			isa = PBXGroup;
			children = (
				885845142908222100993392 /* ViewModels */,
				885845132908221300993392 /* Views */,
			);
			path = Home;
			sourceTree = "<group>";
		};
		885845132908221300993392 /* Views */ = {
			isa = PBXGroup;
			children = (
				885845152908224E00993392 /* HomeView.swift */,
				8850B3932908245600A7DF5D /* TopMoversView.swift */,
				8850B3952908247100A7DF5D /* TopMoverItemView.swift */,
				8850B397290830A600A7DF5D /* AllcoinsViews.swift */,
				8850B399290830C000A7DF5D /* CoinRowView.swift */,
			);
			path = Views;
			sourceTree = "<group>";
		};
		885845142908222100993392 /* ViewModels */ = {
			isa = PBXGroup;
			children = (
			);
			path = ViewModels;
			sourceTree = "<group>";
		};
/* End PBXGroup section */

/* Begin PBXNativeTarget section */
		885844D92907FBBB00993392 /* CoinCryptoMonitoring */ = {
			isa = PBXNativeTarget;
			buildConfigurationList = 885844FE2907FBBC00993392 /* Build configuration list for PBXNativeTarget "CoinCryptoMonitoring" */;
			buildPhases = (
				885844D62907FBBB00993392 /* Sources */,
				885844D72907FBBB00993392 /* Frameworks */,
				885844D82907FBBB00993392 /* Resources */,
			);
			buildRules = (
			);
			dependencies = (
			);
			name = CoinCryptoMonitoring;
			productName = CoinCryptoMonitoring;
			productReference = 885844DA2907FBBB00993392 /* CoinCryptoMonitoring.app */;
			productType = "com.apple.product-type.application";
		};
		885844E92907FBBC00993392 /* CoinCryptoMonitoringTests */ = {
			isa = PBXNativeTarget;
			buildConfigurationList = 885845012907FBBC00993392 /* Build configuration list for PBXNativeTarget "CoinCryptoMonitoringTests" */;
			buildPhases = (
				885844E62907FBBC00993392 /* Sources */,
				885844E72907FBBC00993392 /* Frameworks */,
				885844E82907FBBC00993392 /* Resources */,
			);
			buildRules = (
			);
			dependencies = (
				885844EC2907FBBC00993392 /* PBXTargetDependency */,
			);
			name = CoinCryptoMonitoringTests;
			productName = CoinCryptoMonitoringTests;
			productReference = 885844EA2907FBBC00993392 /* CoinCryptoMonitoringTests.xctest */;
			productType = "com.apple.product-type.bundle.unit-test";
		};
		885844F32907FBBC00993392 /* CoinCryptoMonitoringUITests */ = {
			isa = PBXNativeTarget;
			buildConfigurationList = 885845042907FBBC00993392 /* Build configuration list for PBXNativeTarget "CoinCryptoMonitoringUITests" */;
			buildPhases = (
				885844F02907FBBC00993392 /* Sources */,
				885844F12907FBBC00993392 /* Frameworks */,
				885844F22907FBBC00993392 /* Resources */,
			);
			buildRules = (
			);
			dependencies = (
				885844F62907FBBC00993392 /* PBXTargetDependency */,
			);
			name = CoinCryptoMonitoringUITests;
			productName = CoinCryptoMonitoringUITests;
			productReference = 885844F42907FBBC00993392 /* CoinCryptoMonitoringUITests.xctest */;
			productType = "com.apple.product-type.bundle.ui-testing";
		};
/* End PBXNativeTarget section */

/* Begin PBXProject section */
		885844D22907FBBB00993392 /* Project object */ = {
			isa = PBXProject;
			attributes = {
				BuildIndependentTargetsInParallel = 1;
				LastSwiftUpdateCheck = 1340;
				LastUpgradeCheck = 1340;
				TargetAttributes = {
					885844D92907FBBB00993392 = {
						CreatedOnToolsVersion = 13.4.1;
					};
					885844E92907FBBC00993392 = {
						CreatedOnToolsVersion = 13.4.1;
						TestTargetID = 885844D92907FBBB00993392;
					};
					885844F32907FBBC00993392 = {
						CreatedOnToolsVersion = 13.4.1;
						TestTargetID = 885844D92907FBBB00993392;
					};
				};
			};
			buildConfigurationList = 885844D52907FBBB00993392 /* Build configuration list for PBXProject "CoinCryptoMonitoring" */;
			compatibilityVersion = "Xcode 13.0";
			developmentRegion = en;
			hasScannedForEncodings = 0;
			knownRegions = (
				en,
				Base,
			);
			mainGroup = 885844D12907FBBB00993392;
			productRefGroup = 885844DB2907FBBB00993392 /* Products */;
			projectDirPath = "";
			projectRoot = "";
			targets = (
				885844D92907FBBB00993392 /* CoinCryptoMonitoring */,
				885844E92907FBBC00993392 /* CoinCryptoMonitoringTests */,
				885844F32907FBBC00993392 /* CoinCryptoMonitoringUITests */,
			);
		};
/* End PBXProject section */

/* Begin PBXResourcesBuildPhase section */
		885844D82907FBBB00993392 /* Resources */ = {
			isa = PBXResourcesBuildPhase;
			buildActionMask = 2147483647;
			files = (
				885844E52907FBBC00993392 /* Preview Assets.xcassets in Resources */,
				885844E22907FBBC00993392 /* Assets.xcassets in Resources */,
			);
			runOnlyForDeploymentPostprocessing = 0;
		};
		885844E82907FBBC00993392 /* Resources */ = {
			isa = PBXResourcesBuildPhase;
			buildActionMask = 2147483647;
			files = (
			);
			runOnlyForDeploymentPostprocessing = 0;
		};
		885844F22907FBBC00993392 /* Resources */ = {
			isa = PBXResourcesBuildPhase;
			buildActionMask = 2147483647;
			files = (
			);
			runOnlyForDeploymentPostprocessing = 0;
		};
/* End PBXResourcesBuildPhase section */

/* Begin PBXSourcesBuildPhase section */
		885844D62907FBBB00993392 /* Sources */ = {
			isa = PBXSourcesBuildPhase;
			buildActionMask = 2147483647;
			files = (
				8850B39A290830C000A7DF5D /* CoinRowView.swift in Sources */,
				8850B3942908245600A7DF5D /* TopMoversView.swift in Sources */,
				8850B398290830A600A7DF5D /* AllcoinsViews.swift in Sources */,
				8850B3962908247100A7DF5D /* TopMoverItemView.swift in Sources */,
				885845162908224E00993392 /* HomeView.swift in Sources */,
				885844E02907FBBB00993392 /* ContentView.swift in Sources */,
				885844DE2907FBBB00993392 /* CoinCryptoMonitoringApp.swift in Sources */,
			);
			runOnlyForDeploymentPostprocessing = 0;
		};
		885844E62907FBBC00993392 /* Sources */ = {
			isa = PBXSourcesBuildPhase;
			buildActionMask = 2147483647;
			files = (
				885844EF2907FBBC00993392 /* CoinCryptoMonitoringTests.swift in Sources */,
			);
			runOnlyForDeploymentPostprocessing = 0;
		};
		885844F02907FBBC00993392 /* Sources */ = {
			isa = PBXSourcesBuildPhase;
			buildActionMask = 2147483647;
			files = (
				885844FB2907FBBC00993392 /* CoinCryptoMonitoringUITestsLaunchTests.swift in Sources */,
				885844F92907FBBC00993392 /* CoinCryptoMonitoringUITests.swift in Sources */,
			);
			runOnlyForDeploymentPostprocessing = 0;
		};
/* End PBXSourcesBuildPhase section */

/* Begin PBXTargetDependency section */
		885844EC2907FBBC00993392 /* PBXTargetDependency */ = {
			isa = PBXTargetDependency;
			target = 885844D92907FBBB00993392 /* CoinCryptoMonitoring */;
			targetProxy = 885844EB2907FBBC00993392 /* PBXContainerItemProxy */;
		};
		885844F62907FBBC00993392 /* PBXTargetDependency */ = {
			isa = PBXTargetDependency;
			target = 885844D92907FBBB00993392 /* CoinCryptoMonitoring */;
			targetProxy = 885844F52907FBBC00993392 /* PBXContainerItemProxy */;
		};
/* End PBXTargetDependency section */

/* Begin XCBuildConfiguration section */
		885844FC2907FBBC00993392 /* Debug */ = {
			isa = XCBuildConfiguration;
			buildSettings = {
				ALWAYS_SEARCH_USER_PATHS = NO;
				CLANG_ANALYZER_NONNULL = YES;
				CLANG_ANALYZER_NUMBER_OBJECT_CONVERSION = YES_AGGRESSIVE;
				CLANG_CXX_LANGUAGE_STANDARD = "gnu++17";
				CLANG_ENABLE_MODULES = YES;
				CLANG_ENABLE_OBJC_ARC = YES;
				CLANG_ENABLE_OBJC_WEAK = YES;
				CLANG_WARN_BLOCK_CAPTURE_AUTORELEASING = YES;
				CLANG_WARN_BOOL_CONVERSION = YES;
				CLANG_WARN_COMMA = YES;
				CLANG_WARN_CONSTANT_CONVERSION = YES;
				CLANG_WARN_DEPRECATED_OBJC_IMPLEMENTATIONS = YES;
				CLANG_WARN_DIRECT_OBJC_ISA_USAGE = YES_ERROR;
				CLANG_WARN_DOCUMENTATION_COMMENTS = YES;
				CLANG_WARN_EMPTY_BODY = YES;
				CLANG_WARN_ENUM_CONVERSION = YES;
				CLANG_WARN_INFINITE_RECURSION = YES;
				CLANG_WARN_INT_CONVERSION = YES;
				CLANG_WARN_NON_LITERAL_NULL_CONVERSION = YES;
				CLANG_WARN_OBJC_IMPLICIT_RETAIN_SELF = YES;
				CLANG_WARN_OBJC_LITERAL_CONVERSION = YES;
				CLANG_WARN_OBJC_ROOT_CLASS = YES_ERROR;
				CLANG_WARN_QUOTED_INCLUDE_IN_FRAMEWORK_HEADER = YES;
				CLANG_WARN_RANGE_LOOP_ANALYSIS = YES;
				CLANG_WARN_STRICT_PROTOTYPES = YES;
				CLANG_WARN_SUSPICIOUS_MOVE = YES;
				CLANG_WARN_UNGUARDED_AVAILABILITY = YES_AGGRESSIVE;
				CLANG_WARN_UNREACHABLE_CODE = YES;
				CLANG_WARN__DUPLICATE_METHOD_MATCH = YES;
				COPY_PHASE_STRIP = NO;
				DEBUG_INFORMATION_FORMAT = dwarf;
				ENABLE_STRICT_OBJC_MSGSEND = YES;
				ENABLE_TESTABILITY = YES;
				GCC_C_LANGUAGE_STANDARD = gnu11;
				GCC_DYNAMIC_NO_PIC = NO;
				GCC_NO_COMMON_BLOCKS = YES;
				GCC_OPTIMIZATION_LEVEL = 0;
				GCC_PREPROCESSOR_DEFINITIONS = (
					"DEBUG=1",
					"$(inherited)",
				);
				GCC_WARN_64_TO_32_BIT_CONVERSION = YES;
				GCC_WARN_ABOUT_RETURN_TYPE = YES_ERROR;
				GCC_WARN_UNDECLARED_SELECTOR = YES;
				GCC_WARN_UNINITIALIZED_AUTOS = YES_AGGRESSIVE;
				GCC_WARN_UNUSED_FUNCTION = YES;
				GCC_WARN_UNUSED_VARIABLE = YES;
				IPHONEOS_DEPLOYMENT_TARGET = 15.5;
				MTL_ENABLE_DEBUG_INFO = INCLUDE_SOURCE;
				MTL_FAST_MATH = YES;
				ONLY_ACTIVE_ARCH = YES;
				SDKROOT = iphoneos;
				SWIFT_ACTIVE_COMPILATION_CONDITIONS = DEBUG;
				SWIFT_OPTIMIZATION_LEVEL = "-Onone";
			};
			name = Debug;
		};
		885844FD2907FBBC00993392 /* Release */ = {
			isa = XCBuildConfiguration;
			buildSettings = {
				ALWAYS_SEARCH_USER_PATHS = NO;
				CLANG_ANALYZER_NONNULL = YES;
				CLANG_ANALYZER_NUMBER_OBJECT_CONVERSION = YES_AGGRESSIVE;
				CLANG_CXX_LANGUAGE_STANDARD = "gnu++17";
				CLANG_ENABLE_MODULES = YES;
				CLANG_ENABLE_OBJC_ARC = YES;
				CLANG_ENABLE_OBJC_WEAK = YES;
				CLANG_WARN_BLOCK_CAPTURE_AUTORELEASING = YES;
				CLANG_WARN_BOOL_CONVERSION = YES;
				CLANG_WARN_COMMA = YES;
				CLANG_WARN_CONSTANT_CONVERSION = YES;
				CLANG_WARN_DEPRECATED_OBJC_IMPLEMENTATIONS = YES;
				CLANG_WARN_DIRECT_OBJC_ISA_USAGE = YES_ERROR;
				CLANG_WARN_DOCUMENTATION_COMMENTS = YES;
				CLANG_WARN_EMPTY_BODY = YES;
				CLANG_WARN_ENUM_CONVERSION = YES;
				CLANG_WARN_INFINITE_RECURSION = YES;
				CLANG_WARN_INT_CONVERSION = YES;
				CLANG_WARN_NON_LITERAL_NULL_CONVERSION = YES;
				CLANG_WARN_OBJC_IMPLICIT_RETAIN_SELF = YES;
				CLANG_WARN_OBJC_LITERAL_CONVERSION = YES;
				CLANG_WARN_OBJC_ROOT_CLASS = YES_ERROR;
				CLANG_WARN_QUOTED_INCLUDE_IN_FRAMEWORK_HEADER = YES;
				CLANG_WARN_RANGE_LOOP_ANALYSIS = YES;
				CLANG_WARN_STRICT_PROTOTYPES = YES;
				CLANG_WARN_SUSPICIOUS_MOVE = YES;
				CLANG_WARN_UNGUARDED_AVAILABILITY = YES_AGGRESSIVE;
				CLANG_WARN_UNREACHABLE_CODE = YES;
				CLANG_WARN__DUPLICATE_METHOD_MATCH = YES;
				COPY_PHASE_STRIP = NO;
				DEBUG_INFORMATION_FORMAT = "dwarf-with-dsym";
				ENABLE_NS_ASSERTIONS = NO;
				ENABLE_STRICT_OBJC_MSGSEND = YES;
				GCC_C_LANGUAGE_STANDARD = gnu11;
				GCC_NO_COMMON_BLOCKS = YES;
				GCC_WARN_64_TO_32_BIT_CONVERSION = YES;
				GCC_WARN_ABOUT_RETURN_TYPE = YES_ERROR;
				GCC_WARN_UNDECLARED_SELECTOR = YES;
				GCC_WARN_UNINITIALIZED_AUTOS = YES_AGGRESSIVE;
				GCC_WARN_UNUSED_FUNCTION = YES;
				GCC_WARN_UNUSED_VARIABLE = YES;
				IPHONEOS_DEPLOYMENT_TARGET = 15.5;
				MTL_ENABLE_DEBUG_INFO = NO;
				MTL_FAST_MATH = YES;
				SDKROOT = iphoneos;
				SWIFT_COMPILATION_MODE = wholemodule;
				SWIFT_OPTIMIZATION_LEVEL = "-O";
				VALIDATE_PRODUCT = YES;
			};
			name = Release;
		};
		885844FF2907FBBC00993392 /* Debug */ = {
			isa = XCBuildConfiguration;
			buildSettings = {
				ASSETCATALOG_COMPILER_APPICON_NAME = AppIcon;
				ASSETCATALOG_COMPILER_GLOBAL_ACCENT_COLOR_NAME = AccentColor;
				CODE_SIGN_STYLE = Automatic;
				CURRENT_PROJECT_VERSION = 1;
				DEVELOPMENT_ASSET_PATHS = "\"CoinCryptoMonitoring/Preview Content\"";
				DEVELOPMENT_TEAM = 29BFJ63KHD;
				ENABLE_PREVIEWS = YES;
				GENERATE_INFOPLIST_FILE = YES;
				INFOPLIST_KEY_UIApplicationSceneManifest_Generation = YES;
				INFOPLIST_KEY_UIApplicationSupportsIndirectInputEvents = YES;
				INFOPLIST_KEY_UILaunchScreen_Generation = YES;
				INFOPLIST_KEY_UISupportedInterfaceOrientations_iPad = "UIInterfaceOrientationPortrait UIInterfaceOrientationPortraitUpsideDown UIInterfaceOrientationLandscapeLeft UIInterfaceOrientationLandscapeRight";
				INFOPLIST_KEY_UISupportedInterfaceOrientations_iPhone = "UIInterfaceOrientationPortrait UIInterfaceOrientationLandscapeLeft UIInterfaceOrientationLandscapeRight";
				LD_RUNPATH_SEARCH_PATHS = (
					"$(inherited)",
					"@executable_path/Frameworks",
				);
				MARKETING_VERSION = 1.0;
				PRODUCT_BUNDLE_IDENTIFIER = com.ridhomujizat.CoinCryptoMonitoring;
				PRODUCT_NAME = "$(TARGET_NAME)";
				SWIFT_EMIT_LOC_STRINGS = YES;
				SWIFT_VERSION = 5.0;
				TARGETED_DEVICE_FAMILY = "1,2";
			};
			name = Debug;
		};
		885845002907FBBC00993392 /* Release */ = {
			isa = XCBuildConfiguration;
			buildSettings = {
				ASSETCATALOG_COMPILER_APPICON_NAME = AppIcon;
				ASSETCATALOG_COMPILER_GLOBAL_ACCENT_COLOR_NAME = AccentColor;
				CODE_SIGN_STYLE = Automatic;
				CURRENT_PROJECT_VERSION = 1;
				DEVELOPMENT_ASSET_PATHS = "\"CoinCryptoMonitoring/Preview Content\"";
				DEVELOPMENT_TEAM = 29BFJ63KHD;
				ENABLE_PREVIEWS = YES;
				GENERATE_INFOPLIST_FILE = YES;
				INFOPLIST_KEY_UIApplicationSceneManifest_Generation = YES;
				INFOPLIST_KEY_UIApplicationSupportsIndirectInputEvents = YES;
				INFOPLIST_KEY_UILaunchScreen_Generation = YES;
				INFOPLIST_KEY_UISupportedInterfaceOrientations_iPad = "UIInterfaceOrientationPortrait UIInterfaceOrientationPortraitUpsideDown UIInterfaceOrientationLandscapeLeft UIInterfaceOrientationLandscapeRight";
				INFOPLIST_KEY_UISupportedInterfaceOrientations_iPhone = "UIInterfaceOrientationPortrait UIInterfaceOrientationLandscapeLeft UIInterfaceOrientationLandscapeRight";
				LD_RUNPATH_SEARCH_PATHS = (
					"$(inherited)",
					"@executable_path/Frameworks",
				);
				MARKETING_VERSION = 1.0;
				PRODUCT_BUNDLE_IDENTIFIER = com.ridhomujizat.CoinCryptoMonitoring;
				PRODUCT_NAME = "$(TARGET_NAME)";
				SWIFT_EMIT_LOC_STRINGS = YES;
				SWIFT_VERSION = 5.0;
				TARGETED_DEVICE_FAMILY = "1,2";
			};
			name = Release;
		};
		885845022907FBBC00993392 /* Debug */ = {
			isa = XCBuildConfiguration;
			buildSettings = {
				ALWAYS_EMBED_SWIFT_STANDARD_LIBRARIES = YES;
				BUNDLE_LOADER = "$(TEST_HOST)";
				CODE_SIGN_STYLE = Automatic;
				CURRENT_PROJECT_VERSION = 1;
				GENERATE_INFOPLIST_FILE = YES;
				IPHONEOS_DEPLOYMENT_TARGET = 15.5;
				MARKETING_VERSION = 1.0;
				PRODUCT_BUNDLE_IDENTIFIER = com.ridhomujizat.CoinCryptoMonitoringTests;
				PRODUCT_NAME = "$(TARGET_NAME)";
				SWIFT_EMIT_LOC_STRINGS = NO;
				SWIFT_VERSION = 5.0;
				TARGETED_DEVICE_FAMILY = "1,2";
				TEST_HOST = "$(BUILT_PRODUCTS_DIR)/CoinCryptoMonitoring.app/CoinCryptoMonitoring";
			};
			name = Debug;
		};
		885845032907FBBC00993392 /* Release */ = {
			isa = XCBuildConfiguration;
			buildSettings = {
				ALWAYS_EMBED_SWIFT_STANDARD_LIBRARIES = YES;
				BUNDLE_LOADER = "$(TEST_HOST)";
				CODE_SIGN_STYLE = Automatic;
				CURRENT_PROJECT_VERSION = 1;
				GENERATE_INFOPLIST_FILE = YES;
				IPHONEOS_DEPLOYMENT_TARGET = 15.5;
				MARKETING_VERSION = 1.0;
				PRODUCT_BUNDLE_IDENTIFIER = com.ridhomujizat.CoinCryptoMonitoringTests;
				PRODUCT_NAME = "$(TARGET_NAME)";
				SWIFT_EMIT_LOC_STRINGS = NO;
				SWIFT_VERSION = 5.0;
				TARGETED_DEVICE_FAMILY = "1,2";
				TEST_HOST = "$(BUILT_PRODUCTS_DIR)/CoinCryptoMonitoring.app/CoinCryptoMonitoring";
			};
			name = Release;
		};
		885845052907FBBC00993392 /* Debug */ = {
			isa = XCBuildConfiguration;
			buildSettings = {
				ALWAYS_EMBED_SWIFT_STANDARD_LIBRARIES = YES;
				CODE_SIGN_STYLE = Automatic;
				CURRENT_PROJECT_VERSION = 1;
				GENERATE_INFOPLIST_FILE = YES;
				MARKETING_VERSION = 1.0;
				PRODUCT_BUNDLE_IDENTIFIER = com.ridhomujizat.CoinCryptoMonitoringUITests;
				PRODUCT_NAME = "$(TARGET_NAME)";
				SWIFT_EMIT_LOC_STRINGS = NO;
				SWIFT_VERSION = 5.0;
				TARGETED_DEVICE_FAMILY = "1,2";
				TEST_TARGET_NAME = CoinCryptoMonitoring;
			};
			name = Debug;
		};
		885845062907FBBC00993392 /* Release */ = {
			isa = XCBuildConfiguration;
			buildSettings = {
				ALWAYS_EMBED_SWIFT_STANDARD_LIBRARIES = YES;
				CODE_SIGN_STYLE = Automatic;
				CURRENT_PROJECT_VERSION = 1;
				GENERATE_INFOPLIST_FILE = YES;
				MARKETING_VERSION = 1.0;
				PRODUCT_BUNDLE_IDENTIFIER = com.ridhomujizat.CoinCryptoMonitoringUITests;
				PRODUCT_NAME = "$(TARGET_NAME)";
				SWIFT_EMIT_LOC_STRINGS = NO;
				SWIFT_VERSION = 5.0;
				TARGETED_DEVICE_FAMILY = "1,2";
				TEST_TARGET_NAME = CoinCryptoMonitoring;
			};
			name = Release;
		};
/* End XCBuildConfiguration section */

/* Begin XCConfigurationList section */
		885844D52907FBBB00993392 /* Build configuration list for PBXProject "CoinCryptoMonitoring" */ = {
			isa = XCConfigurationList;
			buildConfigurations = (
				885844FC2907FBBC00993392 /* Debug */,
				885844FD2907FBBC00993392 /* Release */,
			);
			defaultConfigurationIsVisible = 0;
			defaultConfigurationName = Release;
		};
		885844FE2907FBBC00993392 /* Build configuration list for PBXNativeTarget "CoinCryptoMonitoring" */ = {
			isa = XCConfigurationList;
			buildConfigurations = (
				885844FF2907FBBC00993392 /* Debug */,
				885845002907FBBC00993392 /* Release */,
			);
			defaultConfigurationIsVisible = 0;
			defaultConfigurationName = Release;
		};
		885845012907FBBC00993392 /* Build configuration list for PBXNativeTarget "CoinCryptoMonitoringTests" */ = {
			isa = XCConfigurationList;
			buildConfigurations = (
				885845022907FBBC00993392 /* Debug */,
				885845032907FBBC00993392 /* Release */,
			);
			defaultConfigurationIsVisible = 0;
			defaultConfigurationName = Release;
		};
		885845042907FBBC00993392 /* Build configuration list for PBXNativeTarget "CoinCryptoMonitoringUITests" */ = {
			isa = XCConfigurationList;
			buildConfigurations = (
				885845052907FBBC00993392 /* Debug */,
				885845062907FBBC00993392 /* Release */,
			);
			defaultConfigurationIsVisible = 0;
			defaultConfigurationName = Release;
		};
/* End XCConfigurationList section */
	};
	rootObject = 885844D22907FBBB00993392 /* Project object */;
}
